# This file is generated by running "yarn install" inside your project.
# Manual changes might be lost - proceed with caution!

__metadata:
  version: 8
  cacheKey: 10c0

"root-workspace-0b6124@workspace:.":
  version: 0.0.0-use.local
  resolution: "root-workspace-0b6124@workspace:."
  dependencies:
    swagger-ui-dist: "npm:^3.14.2"
  languageName: unknown
  linkType: soft

"swagger-ui-dist@npm:^3.14.2":
  version: 3.24.3
  resolution: "swagger-ui-dist@npm:3.24.3"
  checksum: 10c0/3a948920cade4781113160b8d9619b2fe6a9c63e1842f88c0bdc8bea6a077e960e08981c746cdda6363a6aa3b81cb379bd96d69e85017ce97ec4964adcb5d868
  languageName: node
  linkType: hard
